
Microsoft Visual Studio Solution File, Format Version 12.00
Project("{FAE04EC0-301F-11D3-BF4B-00C04F79EFBC}") = "FizzBuzzBusiness.Domain.Tests", "FizzBuzzBusiness.Domain.Tests\FizzBuzzBusiness.Domain.Tests.csproj", "{ADAEA3CE-C32A-42B2-9CDF-CA1B57449E00}"
EndProject
Project("{FAE04EC0-301F-11D3-BF4B-00C04F79EFBC}") = "FizzBuzzBusiness.Domain", "FizzBuzzBusiness.Domain\FizzBuzzBusiness.Domain.csproj", "{E718933F-09B4-4083-8A7A-44D89F0D4222}"
EndProject
Project("{FAE04EC0-301F-11D3-BF4B-00C04F79EFBC}") = "FizzBuzzService.Enterprise", "FizzBuzzService.Enterprise\FizzBuzzService.Enterprise.csproj", "{2F1730F6-548A-4DC5-8F3A-6B48A6C5E01D}"
EndProject
Project("{FAE04EC0-301F-11D3-BF4B-00C04F79EFBC}") = "FizzBuzzService.Enterprise.Tests", "FizzBuzzService.Enterprise.Tests\FizzBuzzService.Enterprise.Tests.csproj", "{7482907A-BC9E-4C84-B77E-4C86DB4AA516}"
EndProject
Project("{FAE04EC0-301F-11D3-BF4B-00C04F79EFBC}") = "FizzBuzz.Api", "FizzBuzz.Api\FizzBuzz.Api.csproj", "{F2726DCC-0429-417B-88A6-B1E0C91C918F}"
EndProject
Project("{2150E333-8FDC-42A3-9474-1A3956D46DE8}") = "domain", "domain", "{D0D99785-03C3-436F-8574-55638D9CD495}"
EndProject
Project("{2150E333-8FDC-42A3-9474-1A3956D46DE8}") = "noisy_glue", "noisy_glue", "{15A25693-848D-4AB5-B99B-505A68C85043}"
EndProject
Project("{FAE04EC0-301F-11D3-BF4B-00C04F79EFBC}") = "FizzBuzz.Api.Tests", "FizzBuzz.Api.Tests\FizzBuzz.Api.Tests.csproj", "{C6B93577-74CF-480E-89CD-40BD33C3708C}"
EndProject
Project("{FAE04EC0-301F-11D3-BF4B-00C04F79EFBC}") = "FizzBuzzBusiness.Domain.Contracts", "FizzBuzzBusiness.Domain.Contracts\FizzBuzzBusiness.Domain.Contracts.csproj", "{EBF21A2C-A59A-463D-925A-8A8BD9225C70}"
EndProject
Global
	GlobalSection(SolutionConfigurationPlatforms) = preSolution
		Debug|Any CPU = Debug|Any CPU
		Release|Any CPU = Release|Any CPU
	EndGlobalSection
	GlobalSection(ProjectConfigurationPlatforms) = postSolution
		{ADAEA3CE-C32A-42B2-9CDF-CA1B57449E00}.Debug|Any CPU.ActiveCfg = Debug|Any CPU
		{ADAEA3CE-C32A-42B2-9CDF-CA1B57449E00}.Debug|Any CPU.Build.0 = Debug|Any CPU
		{ADAEA3CE-C32A-42B2-9CDF-CA1B57449E00}.Release|Any CPU.ActiveCfg = Release|Any CPU
		{ADAEA3CE-C32A-42B2-9CDF-CA1B57449E00}.Release|Any CPU.Build.0 = Release|Any CPU
		{E718933F-09B4-4083-8A7A-44D89F0D4222}.Debug|Any CPU.ActiveCfg = Debug|Any CPU
		{E718933F-09B4-4083-8A7A-44D89F0D4222}.Debug|Any CPU.Build.0 = Debug|Any CPU
		{E718933F-09B4-4083-8A7A-44D89F0D4222}.Release|Any CPU.ActiveCfg = Release|Any CPU
		{E718933F-09B4-4083-8A7A-44D89F0D4222}.Release|Any CPU.Build.0 = Release|Any CPU
		{2F1730F6-548A-4DC5-8F3A-6B48A6C5E01D}.Debug|Any CPU.ActiveCfg = Debug|Any CPU
		{2F1730F6-548A-4DC5-8F3A-6B48A6C5E01D}.Debug|Any CPU.Build.0 = Debug|Any CPU
		{2F1730F6-548A-4DC5-8F3A-6B48A6C5E01D}.Release|Any CPU.ActiveCfg = Release|Any CPU
		{2F1730F6-548A-4DC5-8F3A-6B48A6C5E01D}.Release|Any CPU.Build.0 = Release|Any CPU
		{7482907A-BC9E-4C84-B77E-4C86DB4AA516}.Debug|Any CPU.ActiveCfg = Debug|Any CPU
		{7482907A-BC9E-4C84-B77E-4C86DB4AA516}.Debug|Any CPU.Build.0 = Debug|Any CPU
		{7482907A-BC9E-4C84-B77E-4C86DB4AA516}.Release|Any CPU.ActiveCfg = Release|Any CPU
		{7482907A-BC9E-4C84-B77E-4C86DB4AA516}.Release|Any CPU.Build.0 = Release|Any CPU
		{F2726DCC-0429-417B-88A6-B1E0C91C918F}.Debug|Any CPU.ActiveCfg = Debug|Any CPU
		{F2726DCC-0429-417B-88A6-B1E0C91C918F}.Debug|Any CPU.Build.0 = Debug|Any CPU
		{F2726DCC-0429-417B-88A6-B1E0C91C918F}.Release|Any CPU.ActiveCfg = Release|Any CPU
		{F2726DCC-0429-417B-88A6-B1E0C91C918F}.Release|Any CPU.Build.0 = Release|Any CPU
		{C6B93577-74CF-480E-89CD-40BD33C3708C}.Debug|Any CPU.ActiveCfg = Debug|Any CPU
		{C6B93577-74CF-480E-89CD-40BD33C3708C}.Debug|Any CPU.Build.0 = Debug|Any CPU
		{C6B93577-74CF-480E-89CD-40BD33C3708C}.Release|Any CPU.ActiveCfg = Release|Any CPU
		{C6B93577-74CF-480E-89CD-40BD33C3708C}.Release|Any CPU.Build.0 = Release|Any CPU
		{EBF21A2C-A59A-463D-925A-8A8BD9225C70}.Debug|Any CPU.ActiveCfg = Debug|Any CPU
		{EBF21A2C-A59A-463D-925A-8A8BD9225C70}.Debug|Any CPU.Build.0 = Debug|Any CPU
		{EBF21A2C-A59A-463D-925A-8A8BD9225C70}.Release|Any CPU.ActiveCfg = Release|Any CPU
		{EBF21A2C-A59A-463D-925A-8A8BD9225C70}.Release|Any CPU.Build.0 = Release|Any CPU
	EndGlobalSection
	GlobalSection(NestedProjects) = preSolution
		{E718933F-09B4-4083-8A7A-44D89F0D4222} = {D0D99785-03C3-436F-8574-55638D9CD495}
		{ADAEA3CE-C32A-42B2-9CDF-CA1B57449E00} = {D0D99785-03C3-436F-8574-55638D9CD495}
		{2F1730F6-548A-4DC5-8F3A-6B48A6C5E01D} = {15A25693-848D-4AB5-B99B-505A68C85043}
		{7482907A-BC9E-4C84-B77E-4C86DB4AA516} = {15A25693-848D-4AB5-B99B-505A68C85043}
		{EBF21A2C-A59A-463D-925A-8A8BD9225C70} = {D0D99785-03C3-436F-8574-55638D9CD495}
	EndGlobalSection
EndGlobal
