
Microsoft Visual Studio Solution File, Format Version 12.00
Project("{FAE04EC0-301F-11D3-BF4B-00C04F79EFBC}") = "FizzBuzzBusiness.Tests", "FizzBuzzBusiness.Tests\FizzBuzzBusiness.Tests.csproj", "{ADAEA3CE-C32A-42B2-9CDF-CA1B57449E00}"
EndProject
Global
	GlobalSection(SolutionConfigurationPlatforms) = preSolution
		Debug|Any CPU = Debug|Any CPU
		Release|Any CPU = Release|Any CPU
	EndGlobalSection
	GlobalSection(ProjectConfigurationPlatforms) = postSolution
		{ADAEA3CE-C32A-42B2-9CDF-CA1B57449E00}.Debug|Any CPU.ActiveCfg = Debug|Any CPU
		{ADAEA3CE-C32A-42B2-9CDF-CA1B57449E00}.Debug|Any CPU.Build.0 = Debug|Any CPU
		{ADAEA3CE-C32A-42B2-9CDF-CA1B57449E00}.Release|Any CPU.ActiveCfg = Release|Any CPU
		{ADAEA3CE-C32A-42B2-9CDF-CA1B57449E00}.Release|Any CPU.Build.0 = Release|Any CPU
	EndGlobalSection
EndGlobal
